<?xml version="1.0" encoding="utf-8"?>
<Project ToolsVersion="4.0" xmlns="http://schemas.microsoft.com/developer/msbuild/2003">
  <ItemGroup>
    <Filter Include="Source Files">
      <UniqueIdentifier>{4FC737F1-C7A5-4376-A066-2A32D752A2FF}</UniqueIdentifier>
      <Extensions>cpp;c;cc;cxx;def;odl;idl;hpj;bat;asm;asmx</Extensions>
    </Filter>
    <Filter Include="Header Files">
      <UniqueIdentifier>{93995380-89BD-4b04-88EB-625FBE52EBFB}</UniqueIdentifier>
      <Extensions>h;hpp;hxx;hm;inl;inc;xsd</Extensions>
    </Filter>
    <Filter Include="Resource Files">
      <UniqueIdentifier>{67DA6AB6-F800-4c08-8B7A-83BB121AAD01}</UniqueIdentifier>
      <Extensions>rc;ico;cur;bmp;dlg;rc2;rct;bin;rgs;gif;jpg;jpeg;jpe;resx;tiff;tif;png;wav;mfcribbon-ms</Extensions>
    </Filter>
    <Filter Include="ServiceClass">
      <UniqueIdentifier>{1cbdb76b-64b1-4fd3-8f83-8837c24b5c91}</UniqueIdentifier>
    </Filter>
    <Filter Include="DistributionClass">
      <UniqueIdentifier>{616fc7f8-7159-45f8-afaa-c45b989ed1a3}</UniqueIdentifier>
    </Filter>
    <Filter Include="LocationClass">
      <UniqueIdentifier>{5a15ceb2-9f25-46cc-8457-5abd344ebadf}</UniqueIdentifier>
    </Filter>
    <Filter Include="RecType">
      <UniqueIdentifier>{7057f1f6-e7ff-42e6-a04a-0966bf183e28}</UniqueIdentifier>
    </Filter>
  </ItemGroup>
  <ItemGroup>
    <ClCompile Include="main.cpp">
      <Filter>Source Files</Filter>
    </ClCompile>
    <ClCompile Include="Service.cpp">
      <Filter>ServiceClass</Filter>
    </ClCompile>
    <ClCompile Include="Distrabution.cpp">
      <Filter>DistributionClass</Filter>
    </ClCompile>
    <ClCompile Include="Location.cpp">
      <Filter>LocationClass</Filter>
    </ClCompile>
  </ItemGroup>
  <ItemGroup>
    <ClInclude Include="Service.h">
      <Filter>ServiceClass</Filter>
    </ClInclude>
    <ClInclude Include="Distribution.h">
      <Filter>DistributionClass</Filter>
    </ClInclude>
    <ClInclude Include="Location.h">
      <Filter>LocationClass</Filter>
    </ClInclude>
    <ClInclude Include="RecType.h">
      <Filter>RecType</Filter>
    </ClInclude>
  </ItemGroup>
</Project>